
Microsoft Visual Studio Solution File, Format Version 12.00
# Visual Studio Version 16
VisualStudioVersion = 16.0.31624.102
MinimumVisualStudioVersion = 10.0.40219.1
Project("{FAE04EC0-301F-11D3-BF4B-00C04F79EFBC}") = "Mochj.Web", "Mochj.Web\Mochj.Web.csproj", "{F2236D5A-9539-424F-9012-B4488FFFD0AC}"
EndProject
Global
	GlobalSection(SolutionConfigurationPlatforms) = preSolution
		Debug|Any CPU = Debug|Any CPU
		Release|Any CPU = Release|Any CPU
	EndGlobalSection
	GlobalSection(ProjectConfigurationPlatforms) = postSolution
		{F2236D5A-9539-424F-9012-B4488FFFD0AC}.Debug|Any CPU.ActiveCfg = Debug|Any CPU
		{F2236D5A-9539-424F-9012-B4488FFFD0AC}.Debug|Any CPU.Build.0 = Debug|Any CPU
		{F2236D5A-9539-424F-9012-B4488FFFD0AC}.Release|Any CPU.ActiveCfg = Release|Any CPU
		{F2236D5A-9539-424F-9012-B4488FFFD0AC}.Release|Any CPU.Build.0 = Release|Any CPU
	EndGlobalSection
	GlobalSection(SolutionProperties) = preSolution
		HideSolutionNode = FALSE
	EndGlobalSection
	GlobalSection(ExtensibilityGlobals) = postSolution
		SolutionGuid = {4D296582-8438-4255-8736-D1904C479BDD}
	EndGlobalSection
EndGlobal
