
Microsoft Visual Studio Solution File, Format Version 12.00
# Visual Studio Version 16
VisualStudioVersion = 16.0.32228.343
MinimumVisualStudioVersion = 10.0.40219.1
Project("{FAE04EC0-301F-11D3-BF4B-00C04F79EFBC}") = "Mochj.IDE", "Mochj.IDE\Mochj.IDE.csproj", "{998549E7-4846-4E88-BBEE-195D336402A5}"
EndProject
Global
	GlobalSection(SolutionConfigurationPlatforms) = preSolution
		Debug|Any CPU = Debug|Any CPU
		Release|Any CPU = Release|Any CPU
	EndGlobalSection
	GlobalSection(ProjectConfigurationPlatforms) = postSolution
		{998549E7-4846-4E88-BBEE-195D336402A5}.Debug|Any CPU.ActiveCfg = Debug|Any CPU
		{998549E7-4846-4E88-BBEE-195D336402A5}.Debug|Any CPU.Build.0 = Debug|Any CPU
		{998549E7-4846-4E88-BBEE-195D336402A5}.Release|Any CPU.ActiveCfg = Release|Any CPU
		{998549E7-4846-4E88-BBEE-195D336402A5}.Release|Any CPU.Build.0 = Release|Any CPU
	EndGlobalSection
	GlobalSection(SolutionProperties) = preSolution
		HideSolutionNode = FALSE
	EndGlobalSection
	GlobalSection(ExtensibilityGlobals) = postSolution
		SolutionGuid = {09F25A79-BEAD-4979-ABFF-AC93B9FDDB19}
	EndGlobalSection
EndGlobal
