
Microsoft Visual Studio Solution File, Format Version 12.00
# Visual Studio Version 16
VisualStudioVersion = 16.0.31624.102
MinimumVisualStudioVersion = 10.0.40219.1
Project("{FAE04EC0-301F-11D3-BF4B-00C04F79EFBC}") = "ExampleExport", "ExampleExport\ExampleExport.csproj", "{65E27C2C-083E-46D9-8B85-A98815D8C20A}"
EndProject
Global
	GlobalSection(SolutionConfigurationPlatforms) = preSolution
		Debug|Any CPU = Debug|Any CPU
		Release|Any CPU = Release|Any CPU
	EndGlobalSection
	GlobalSection(ProjectConfigurationPlatforms) = postSolution
		{65E27C2C-083E-46D9-8B85-A98815D8C20A}.Debug|Any CPU.ActiveCfg = Debug|Any CPU
		{65E27C2C-083E-46D9-8B85-A98815D8C20A}.Debug|Any CPU.Build.0 = Debug|Any CPU
		{65E27C2C-083E-46D9-8B85-A98815D8C20A}.Release|Any CPU.ActiveCfg = Release|Any CPU
		{65E27C2C-083E-46D9-8B85-A98815D8C20A}.Release|Any CPU.Build.0 = Release|Any CPU
	EndGlobalSection
	GlobalSection(SolutionProperties) = preSolution
		HideSolutionNode = FALSE
	EndGlobalSection
	GlobalSection(ExtensibilityGlobals) = postSolution
		SolutionGuid = {078F68AF-DE8D-4891-A818-B7E24995855D}
	EndGlobalSection
EndGlobal
